# THIS IS AN AUTOGENERATED FILE. DO NOT EDIT THIS FILE DIRECTLY.
# yarn lockfile v1


fastify-cors@^4.1.0:
  version "4.1.0"
  resolved "https://registry.yarnpkg.com/fastify-cors/-/fastify-cors-4.1.0.tgz#ae6e2533f42b033a35da85ed3d585aafd56c2210"
  integrity sha512-Vr4AgypDkRwG16cs1ORnYItZx6FMN+gCpHvP3/nzNZL1HFzf7U/NaSgmC784VqtK8yiqSXZEoTGCsmzeSp8JVw==
  dependencies:
    fastify-plugin "^2.0.0"
    vary "^1.1.2"

fastify-plugin@^2.0.0:
  version "2.3.4"
  resolved "https://registry.yarnpkg.com/fastify-plugin/-/fastify-plugin-2.3.4.tgz#b17abdc36a97877d88101fb86ad8a07f2c07de87"
  integrity sha512-I+Oaj6p9oiRozbam30sh39BiuiqBda7yK2nmSPVwDCfIBlKnT8YB3MY+pRQc2Fcd07bf6KPGklHJaQ2Qu81TYQ==
  dependencies:
    semver "^7.3.2"

semver@^7.3.2:
  version "7.3.2"
  resolved "https://registry.yarnpkg.com/semver/-/semver-7.3.2.tgz#604962b052b81ed0786aae84389ffba70ffd3938"
  integrity sha512-OrOb32TeeambH6UrhtShmF7CRDqhL6/5XpPNp2DuRH6+9QLw/orhp72j87v8Qa1ScDkvrrBNpZcDejAirJmfXQ==

vary@^1.1.2:
  version "1.1.2"
  resolved "https://registry.yarnpkg.com/vary/-/vary-1.1.2.tgz#2299f02c6ded30d4a5961b0b9f74524a18f634fc"
  integrity sha1-IpnwLG3tMNSllhsLn3RSShj2NPw=
